
Microsoft Visual Studio Solution File, Format Version 12.00
# Visual Studio Version 17
VisualStudioVersion = 17.7.34302.85
MinimumVisualStudioVersion = 10.0.40219.1
Project("{FAE04EC0-301F-11D3-BF4B-00C04F79EFBC}") = "To_Do_List_Main", "To_Do_List_Main\To_Do_List_Main.csproj", "{DB6D3611-EC9D-4C40-AA51-8B3512606A88}"
EndProject
Global
	GlobalSection(SolutionConfigurationPlatforms) = preSolution
		Debug|Any CPU = Debug|Any CPU
		Release|Any CPU = Release|Any CPU
	EndGlobalSection
	GlobalSection(ProjectConfigurationPlatforms) = postSolution
		{DB6D3611-EC9D-4C40-AA51-8B3512606A88}.Debug|Any CPU.ActiveCfg = Debug|Any CPU
		{DB6D3611-EC9D-4C40-AA51-8B3512606A88}.Debug|Any CPU.Build.0 = Debug|Any CPU
		{DB6D3611-EC9D-4C40-AA51-8B3512606A88}.Release|Any CPU.ActiveCfg = Release|Any CPU
		{DB6D3611-EC9D-4C40-AA51-8B3512606A88}.Release|Any CPU.Build.0 = Release|Any CPU
	EndGlobalSection
	GlobalSection(SolutionProperties) = preSolution
		HideSolutionNode = FALSE
	EndGlobalSection
	GlobalSection(ExtensibilityGlobals) = postSolution
		SolutionGuid = {F6ADCAAD-FD16-4DFD-AF84-50E02D64F378}
	EndGlobalSection
EndGlobal
